
Microsoft Visual Studio Solution File, Format Version 12.00
# Visual Studio Version 17
VisualStudioVersion = 17.4.33213.308
MinimumVisualStudioVersion = 10.0.40219.1
Project("{FAE04EC0-301F-11D3-BF4B-00C04F79EFBC}") = "XMLtest", "XMLtest\XMLtest.csproj", "{5A8660D5-BFFF-4946-9F00-694292970C5F}"
EndProject
Global
	GlobalSection(SolutionConfigurationPlatforms) = preSolution
		Debug|Any CPU = Debug|Any CPU
		Release|Any CPU = Release|Any CPU
	EndGlobalSection
	GlobalSection(ProjectConfigurationPlatforms) = postSolution
		{5A8660D5-BFFF-4946-9F00-694292970C5F}.Debug|Any CPU.ActiveCfg = Debug|Any CPU
		{5A8660D5-BFFF-4946-9F00-694292970C5F}.Debug|Any CPU.Build.0 = Debug|Any CPU
		{5A8660D5-BFFF-4946-9F00-694292970C5F}.Release|Any CPU.ActiveCfg = Release|Any CPU
		{5A8660D5-BFFF-4946-9F00-694292970C5F}.Release|Any CPU.Build.0 = Release|Any CPU
	EndGlobalSection
	GlobalSection(SolutionProperties) = preSolution
		HideSolutionNode = FALSE
	EndGlobalSection
	GlobalSection(ExtensibilityGlobals) = postSolution
		SolutionGuid = {87036A81-EBEB-4442-B03D-67535B873BA9}
	EndGlobalSection
EndGlobal
